dependencies:
  cherry-embedded/cherryusb:
    component_hash: d8bb4f3174d867ee1ebdc59687d0ccdff3179db87d8abc806fd5b22826c36267
    dependencies:
    - name: idf
      require: private
      version: '>=5.0'
    source:
      registry_url: https://components.espressif.com/
      type: service
    targets:
    - esp32s2
    - esp32s3
    - esp32p4
    version: 1.4.2
  idf:
    source:
      type: idf
    version: 5.2.1
direct_dependencies:
- cherry-embedded/cherryusb
- idf
manifest_hash: e0de742fd4b79c292a7cce783714ef9ff89bf6788a216b85db5d4524212223d6
target: esp32s3
version: 2.0.0
